
Microsoft Visual Studio Solution File, Format Version 12.00
# Visual Studio Version 16
VisualStudioVersion = 16.0.30523.141
MinimumVisualStudioVersion = 10.0.40219.1
Project("{FAE04EC0-301F-11D3-BF4B-00C04F79EFBC}") = "FinalRodolfoHeredia", "FinalRodolfoHeredia\FinalRodolfoHeredia.csproj", "{21D9FDA9-57A9-4DA9-8E61-6E1BB518528C}"
EndProject
Global
	GlobalSection(SolutionConfigurationPlatforms) = preSolution
		Debug|Any CPU = Debug|Any CPU
		Release|Any CPU = Release|Any CPU
	EndGlobalSection
	GlobalSection(ProjectConfigurationPlatforms) = postSolution
		{21D9FDA9-57A9-4DA9-8E61-6E1BB518528C}.Debug|Any CPU.ActiveCfg = Debug|Any CPU
		{21D9FDA9-57A9-4DA9-8E61-6E1BB518528C}.Debug|Any CPU.Build.0 = Debug|Any CPU
		{21D9FDA9-57A9-4DA9-8E61-6E1BB518528C}.Release|Any CPU.ActiveCfg = Release|Any CPU
		{21D9FDA9-57A9-4DA9-8E61-6E1BB518528C}.Release|Any CPU.Build.0 = Release|Any CPU
	EndGlobalSection
	GlobalSection(SolutionProperties) = preSolution
		HideSolutionNode = FALSE
	EndGlobalSection
	GlobalSection(ExtensibilityGlobals) = postSolution
		SolutionGuid = {72063BB6-DC8B-47F0-BEE2-B31D413B7FBB}
	EndGlobalSection
EndGlobal
